
Microsoft Visual Studio Solution File, Format Version 12.00
# Visual Studio 2012
Project("{FAE04EC0-301F-11D3-BF4B-00C04F79EFBC}") = "DynamicLog4net", "DynamicLog4net\DynamicLog4net.csproj", "{9576D01C-E2D2-401F-8B91-4185E424E6A4}"
EndProject
Global
	GlobalSection(SolutionConfigurationPlatforms) = preSolution
		Debug|Any CPU = Debug|Any CPU
		Release|Any CPU = Release|Any CPU
	EndGlobalSection
	GlobalSection(ProjectConfigurationPlatforms) = postSolution
		{9576D01C-E2D2-401F-8B91-4185E424E6A4}.Debug|Any CPU.ActiveCfg = Debug|Any CPU
		{9576D01C-E2D2-401F-8B91-4185E424E6A4}.Debug|Any CPU.Build.0 = Debug|Any CPU
		{9576D01C-E2D2-401F-8B91-4185E424E6A4}.Release|Any CPU.ActiveCfg = Release|Any CPU
		{9576D01C-E2D2-401F-8B91-4185E424E6A4}.Release|Any CPU.Build.0 = Release|Any CPU
	EndGlobalSection
	GlobalSection(SolutionProperties) = preSolution
		HideSolutionNode = FALSE
	EndGlobalSection
EndGlobal
